// !$*UTF8*$!
{
	archiveVersion = 1;
	classes = {
	};
	objectVersion = 50;
	objects = {

/* Begin PBXBuildFile section */
		F6144F80263E3BDE002F0A22 /* AppDelegate.m in Sources */ = {isa = PBXBuildFile; fileRef = F6144F7F263E3BDE002F0A22 /* AppDelegate.m */; };
		F6144F83263E3BDE002F0A22 /* SceneDelegate.m in Sources */ = {isa = PBXBuildFile; fileRef = F6144F82263E3BDE002F0A22 /* SceneDelegate.m */; };
		F6144F89263E3BDE002F0A22 /* Main.storyboard in Resources */ = {isa = PBXBuildFile; fileRef = F6144F87263E3BDE002F0A22 /* Main.storyboard */; };
		F6144F8B263E3BDF002F0A22 /* Assets.xcassets in Resources */ = {isa = PBXBuildFile; fileRef = F6144F8A263E3BDF002F0A22 /* Assets.xcassets */; };
		F6144F8E263E3BDF002F0A22 /* LaunchScreen.storyboard in Resources */ = {isa = PBXBuildFile; fileRef = F6144F8C263E3BDF002F0A22 /* LaunchScreen.storyboard */; };
		F6144F91263E3BDF002F0A22 /* main.m in Sources */ = {isa = PBXBuildFile; fileRef = F6144F90263E3BDF002F0A22 /* main.m */; };
		F6144FA0263E3C6A002F0A22 /* ChildTableView.m in Sources */ = {isa = PBXBuildFile; fileRef = F6144F9C263E3C6A002F0A22 /* ChildTableView.m */; };
		F6144FA1263E3C6A002F0A22 /* ViewController.m in Sources */ = {isa = PBXBuildFile; fileRef = F6144F9F263E3C6A002F0A22 /* ViewController.m */; };
/* End PBXBuildFile section */

/* Begin PBXFileReference section */
		F6144F7B263E3BDE002F0A22 /* TableViewHover.app */ = {isa = PBXFileReference; explicitFileType = wrapper.application; includeInIndex = 0; path = TableViewHover.app; sourceTree = BUILT_PRODUCTS_DIR; };
		F6144F7E263E3BDE002F0A22 /* AppDelegate.h */ = {isa = PBXFileReference; lastKnownFileType = sourcecode.c.h; path = AppDelegate.h; sourceTree = "<group>"; };
		F6144F7F263E3BDE002F0A22 /* AppDelegate.m */ = {isa = PBXFileReference; lastKnownFileType = sourcecode.c.objc; path = AppDelegate.m; sourceTree = "<group>"; };
		F6144F81263E3BDE002F0A22 /* SceneDelegate.h */ = {isa = PBXFileReference; lastKnownFileType = sourcecode.c.h; path = SceneDelegate.h; sourceTree = "<group>"; };
		F6144F82263E3BDE002F0A22 /* SceneDelegate.m */ = {isa = PBXFileReference; lastKnownFileType = sourcecode.c.objc; path = SceneDelegate.m; sourceTree = "<group>"; };
		F6144F88263E3BDE002F0A22 /* Base */ = {isa = PBXFileReference; lastKnownFileType = file.storyboard; name = Base; path = Base.lproj/Main.storyboard; sourceTree = "<group>"; };
		F6144F8A263E3BDF002F0A22 /* Assets.xcassets */ = {isa = PBXFileReference; lastKnownFileType = folder.assetcatalog; path = Assets.xcassets; sourceTree = "<group>"; };
		F6144F8D263E3BDF002F0A22 /* Base */ = {isa = PBXFileReference; lastKnownFileType = file.storyboard; name = Base; path = Base.lproj/LaunchScreen.storyboard; sourceTree = "<group>"; };
		F6144F8F263E3BDF002F0A22 /* Info.plist */ = {isa = PBXFileReference; lastKnownFileType = text.plist.xml; path = Info.plist; sourceTree = "<group>"; };
		F6144F90263E3BDF002F0A22 /* main.m */ = {isa = PBXFileReference; lastKnownFileType = sourcecode.c.objc; path = main.m; sourceTree = "<group>"; };
		F6144F9C263E3C6A002F0A22 /* ChildTableView.m */ = {isa = PBXFileReference; fileEncoding = 4; lastKnownFileType = sourcecode.c.objc; path = ChildTableView.m; sourceTree = "<group>"; };
		F6144F9D263E3C6A002F0A22 /* ViewController.h */ = {isa = PBXFileReference; fileEncoding = 4; lastKnownFileType = sourcecode.c.h; path = ViewController.h; sourceTree = "<group>"; };
		F6144F9E263E3C6A002F0A22 /* ChildTableView.h */ = {isa = PBXFileReference; fileEncoding = 4; lastKnownFileType = sourcecode.c.h; path = ChildTableView.h; sourceTree = "<group>"; };
		F6144F9F263E3C6A002F0A22 /* ViewController.m */ = {isa = PBXFileReference; fileEncoding = 4; lastKnownFileType = sourcecode.c.objc; path = ViewController.m; sourceTree = "<group>"; };
/* End PBXFileReference section */

/* Begin PBXFrameworksBuildPhase section */
		F6144F78263E3BDE002F0A22 /* Frameworks */ = {
			isa = PBXFrameworksBuildPhase;
			buildActionMask = 2147483647;
			files = (
			);
			runOnlyForDeploymentPostprocessing = 0;
		};
/* End PBXFrameworksBuildPhase section */

/* Begin PBXGroup section */
		F6144F72263E3BDE002F0A22 = {
			isa = PBXGroup;
			children = (
				F6144F7D263E3BDE002F0A22 /* TableViewHover */,
				F6144F7C263E3BDE002F0A22 /* Products */,
			);
			sourceTree = "<group>";
		};
		F6144F7C263E3BDE002F0A22 /* Products */ = {
			isa = PBXGroup;
			children = (
				F6144F7B263E3BDE002F0A22 /* TableViewHover.app */,
			);
			name = Products;
			sourceTree = "<group>";
		};
		F6144F7D263E3BDE002F0A22 /* TableViewHover */ = {
			isa = PBXGroup;
			children = (
				F6144F9E263E3C6A002F0A22 /* ChildTableView.h */,
				F6144F9C263E3C6A002F0A22 /* ChildTableView.m */,
				F6144F9D263E3C6A002F0A22 /* ViewController.h */,
				F6144F9F263E3C6A002F0A22 /* ViewController.m */,
				F6144F98263E3BF1002F0A22 /* other */,
			);
			path = TableViewHover;
			sourceTree = "<group>";
		};
		F6144F98263E3BF1002F0A22 /* other */ = {
			isa = PBXGroup;
			children = (
				F6144F7E263E3BDE002F0A22 /* AppDelegate.h */,
				F6144F7F263E3BDE002F0A22 /* AppDelegate.m */,
				F6144F81263E3BDE002F0A22 /* SceneDelegate.h */,
				F6144F82263E3BDE002F0A22 /* SceneDelegate.m */,
				F6144F87263E3BDE002F0A22 /* Main.storyboard */,
				F6144F8A263E3BDF002F0A22 /* Assets.xcassets */,
				F6144F8C263E3BDF002F0A22 /* LaunchScreen.storyboard */,
				F6144F90263E3BDF002F0A22 /* main.m */,
				F6144F8F263E3BDF002F0A22 /* Info.plist */,
			);
			path = other;
			sourceTree = "<group>";
		};
/* End PBXGroup section */

/* Begin PBXNativeTarget section */
		F6144F7A263E3BDE002F0A22 /* TableViewHover */ = {
			isa = PBXNativeTarget;
			buildConfigurationList = F6144F94263E3BDF002F0A22 /* Build configuration list for PBXNativeTarget "TableViewHover" */;
			buildPhases = (
				F6144F77263E3BDE002F0A22 /* Sources */,
				F6144F78263E3BDE002F0A22 /* Frameworks */,
				F6144F79263E3BDE002F0A22 /* Resources */,
			);
			buildRules = (
			);
			dependencies = (
			);
			name = TableViewHover;
			productName = TableViewHover;
			productReference = F6144F7B263E3BDE002F0A22 /* TableViewHover.app */;
			productType = "com.apple.product-type.application";
		};
/* End PBXNativeTarget section */

/* Begin PBXProject section */
		F6144F73263E3BDE002F0A22 /* Project object */ = {
			isa = PBXProject;
			attributes = {
				LastUpgradeCheck = 1200;
				TargetAttributes = {
					F6144F7A263E3BDE002F0A22 = {
						CreatedOnToolsVersion = 12.0;
					};
				};
			};
			buildConfigurationList = F6144F76263E3BDE002F0A22 /* Build configuration list for PBXProject "TableViewHover" */;
			compatibilityVersion = "Xcode 9.3";
			developmentRegion = en;
			hasScannedForEncodings = 0;
			knownRegions = (
				en,
				Base,
			);
			mainGroup = F6144F72263E3BDE002F0A22;
			productRefGroup = F6144F7C263E3BDE002F0A22 /* Products */;
			projectDirPath = "";
			projectRoot = "";
			targets = (
				F6144F7A263E3BDE002F0A22 /* TableViewHover */,
			);
		};
/* End PBXProject section */

/* Begin PBXResourcesBuildPhase section */
		F6144F79263E3BDE002F0A22 /* Resources */ = {
			isa = PBXResourcesBuildPhase;
			buildActionMask = 2147483647;
			files = (
				F6144F8E263E3BDF002F0A22 /* LaunchScreen.storyboard in Resources */,
				F6144F8B263E3BDF002F0A22 /* Assets.xcassets in Resources */,
				F6144F89263E3BDE002F0A22 /* Main.storyboard in Resources */,
			);
			runOnlyForDeploymentPostprocessing = 0;
		};
/* End PBXResourcesBuildPhase section */

/* Begin PBXSourcesBuildPhase section */
		F6144F77263E3BDE002F0A22 /* Sources */ = {
			isa = PBXSourcesBuildPhase;
			buildActionMask = 2147483647;
			files = (
				F6144F80263E3BDE002F0A22 /* AppDelegate.m in Sources */,
				F6144F91263E3BDF002F0A22 /* main.m in Sources */,
				F6144FA0263E3C6A002F0A22 /* ChildTableView.m in Sources */,
				F6144F83263E3BDE002F0A22 /* SceneDelegate.m in Sources */,
				F6144FA1263E3C6A002F0A22 /* ViewController.m in Sources */,
			);
			runOnlyForDeploymentPostprocessing = 0;
		};
/* End PBXSourcesBuildPhase section */

/* Begin PBXVariantGroup section */
		F6144F87263E3BDE002F0A22 /* Main.storyboard */ = {
			isa = PBXVariantGroup;
			children = (
				F6144F88263E3BDE002F0A22 /* Base */,
			);
			name = Main.storyboard;
			sourceTree = "<group>";
		};
		F6144F8C263E3BDF002F0A22 /* LaunchScreen.storyboard */ = {
			isa = PBXVariantGroup;
			children = (
				F6144F8D263E3BDF002F0A22 /* Base */,
			);
			name = LaunchScreen.storyboard;
			sourceTree = "<group>";
		};
/* End PBXVariantGroup section */

/* Begin XCBuildConfiguration section */
		F6144F92263E3BDF002F0A22 /* Debug */ = {
			isa = XCBuildConfiguration;
			buildSettings = {
				ALWAYS_SEARCH_USER_PATHS = NO;
				CLANG_ANALYZER_NONNULL = YES;
				CLANG_ANALYZER_NUMBER_OBJECT_CONVERSION = YES_AGGRESSIVE;
				CLANG_CXX_LANGUAGE_STANDARD = "gnu++14";
				CLANG_CXX_LIBRARY = "libc++";
				CLANG_ENABLE_MODULES = YES;
				CLANG_ENABLE_OBJC_ARC = YES;
				CLANG_ENABLE_OBJC_WEAK = YES;
				CLANG_WARN_BLOCK_CAPTURE_AUTORELEASING = YES;
				CLANG_WARN_BOOL_CONVERSION = YES;
				CLANG_WARN_COMMA = YES;
				CLANG_WARN_CONSTANT_CONVERSION = YES;
				CLANG_WARN_DEPRECATED_OBJC_IMPLEMENTATIONS = YES;
				CLANG_WARN_DIRECT_OBJC_ISA_USAGE = YES_ERROR;
				CLANG_WARN_DOCUMENTATION_COMMENTS = YES;
				CLANG_WARN_EMPTY_BODY = YES;
				CLANG_WARN_ENUM_CONVERSION = YES;
				CLANG_WARN_INFINITE_RECURSION = YES;
				CLANG_WARN_INT_CONVERSION = YES;
				CLANG_WARN_NON_LITERAL_NULL_CONVERSION = YES;
				CLANG_WARN_OBJC_IMPLICIT_RETAIN_SELF = YES;
				CLANG_WARN_OBJC_LITERAL_CONVERSION = YES;
				CLANG_WARN_OBJC_ROOT_CLASS = YES_ERROR;
				CLANG_WARN_QUOTED_INCLUDE_IN_FRAMEWORK_HEADER = YES;
				CLANG_WARN_RANGE_LOOP_ANALYSIS = YES;
				CLANG_WARN_STRICT_PROTOTYPES = YES;
				CLANG_WARN_SUSPICIOUS_MOVE = YES;
				CLANG_WARN_UNGUARDED_AVAILABILITY = YES_AGGRESSIVE;
				CLANG_WARN_UNREACHABLE_CODE = YES;
				CLANG_WARN__DUPLICATE_METHOD_MATCH = YES;
				COPY_PHASE_STRIP = NO;
				DEBUG_INFORMATION_FORMAT = dwarf;
				ENABLE_STRICT_OBJC_MSGSEND = YES;
				ENABLE_TESTABILITY = YES;
				GCC_C_LANGUAGE_STANDARD = gnu11;
				GCC_DYNAMIC_NO_PIC = NO;
				GCC_NO_COMMON_BLOCKS = YES;
				GCC_OPTIMIZATION_LEVEL = 0;
				GCC_PREPROCESSOR_DEFINITIONS = (
					"DEBUG=1",
					"$(inherited)",
				);
				GCC_WARN_64_TO_32_BIT_CONVERSION = YES;
				GCC_WARN_ABOUT_RETURN_TYPE = YES_ERROR;
				GCC_WARN_UNDECLARED_SELECTOR = YES;
				GCC_WARN_UNINITIALIZED_AUTOS = YES_AGGRESSIVE;
				GCC_WARN_UNUSED_FUNCTION = YES;
				GCC_WARN_UNUSED_VARIABLE = YES;
				IPHONEOS_DEPLOYMENT_TARGET = 14.0;
				MTL_ENABLE_DEBUG_INFO = INCLUDE_SOURCE;
				MTL_FAST_MATH = YES;
				ONLY_ACTIVE_ARCH = YES;
				SDKROOT = iphoneos;
			};
			name = Debug;
		};
		F6144F93263E3BDF002F0A22 /* Release */ = {
			isa = XCBuildConfiguration;
			buildSettings = {
				ALWAYS_SEARCH_USER_PATHS = NO;
				CLANG_ANALYZER_NONNULL = YES;
				CLANG_ANALYZER_NUMBER_OBJECT_CONVERSION = YES_AGGRESSIVE;
				CLANG_CXX_LANGUAGE_STANDARD = "gnu++14";
				CLANG_CXX_LIBRARY = "libc++";
				CLANG_ENABLE_MODULES = YES;
				CLANG_ENABLE_OBJC_ARC = YES;
				CLANG_ENABLE_OBJC_WEAK = YES;
				CLANG_WARN_BLOCK_CAPTURE_AUTORELEASING = YES;
				CLANG_WARN_BOOL_CONVERSION = YES;
				CLANG_WARN_COMMA = YES;
				CLANG_WARN_CONSTANT_CONVERSION = YES;
				CLANG_WARN_DEPRECATED_OBJC_IMPLEMENTATIONS = YES;
				CLANG_WARN_DIRECT_OBJC_ISA_USAGE = YES_ERROR;
				CLANG_WARN_DOCUMENTATION_COMMENTS = YES;
				CLANG_WARN_EMPTY_BODY = YES;
				CLANG_WARN_ENUM_CONVERSION = YES;
				CLANG_WARN_INFINITE_RECURSION = YES;
				CLANG_WARN_INT_CONVERSION = YES;
				CLANG_WARN_NON_LITERAL_NULL_CONVERSION = YES;
				CLANG_WARN_OBJC_IMPLICIT_RETAIN_SELF = YES;
				CLANG_WARN_OBJC_LITERAL_CONVERSION = YES;
				CLANG_WARN_OBJC_ROOT_CLASS = YES_ERROR;
				CLANG_WARN_QUOTED_INCLUDE_IN_FRAMEWORK_HEADER = YES;
				CLANG_WARN_RANGE_LOOP_ANALYSIS = YES;
				CLANG_WARN_STRICT_PROTOTYPES = YES;
				CLANG_WARN_SUSPICIOUS_MOVE = YES;
				CLANG_WARN_UNGUARDED_AVAILABILITY = YES_AGGRESSIVE;
				CLANG_WARN_UNREACHABLE_CODE = YES;
				CLANG_WARN__DUPLICATE_METHOD_MATCH = YES;
				COPY_PHASE_STRIP = NO;
				DEBUG_INFORMATION_FORMAT = "dwarf-with-dsym";
				ENABLE_NS_ASSERTIONS = NO;
				ENABLE_STRICT_OBJC_MSGSEND = YES;
				GCC_C_LANGUAGE_STANDARD = gnu11;
				GCC_NO_COMMON_BLOCKS = YES;
				GCC_WARN_64_TO_32_BIT_CONVERSION = YES;
				GCC_WARN_ABOUT_RETURN_TYPE = YES_ERROR;
				GCC_WARN_UNDECLARED_SELECTOR = YES;
				GCC_WARN_UNINITIALIZED_AUTOS = YES_AGGRESSIVE;
				GCC_WARN_UNUSED_FUNCTION = YES;
				GCC_WARN_UNUSED_VARIABLE = YES;
				IPHONEOS_DEPLOYMENT_TARGET = 14.0;
				MTL_ENABLE_DEBUG_INFO = NO;
				MTL_FAST_MATH = YES;
				SDKROOT = iphoneos;
				VALIDATE_PRODUCT = YES;
			};
			name = Release;
		};
		F6144F95263E3BDF002F0A22 /* Debug */ = {
			isa = XCBuildConfiguration;
			buildSettings = {
				ASSETCATALOG_COMPILER_APPICON_NAME = AppIcon;
				ASSETCATALOG_COMPILER_GLOBAL_ACCENT_COLOR_NAME = AccentColor;
				CODE_SIGN_STYLE = Automatic;
				DEVELOPMENT_TEAM = UC4C6H8RR8;
				INFOPLIST_FILE = TableViewHover/other/Info.plist;
				LD_RUNPATH_SEARCH_PATHS = (
					"$(inherited)",
					"@executable_path/Frameworks",
				);
				PRODUCT_BUNDLE_IDENTIFIER = pd.TableViewHover;
				PRODUCT_NAME = "$(TARGET_NAME)";
				TARGETED_DEVICE_FAMILY = "1,2";
			};
			name = Debug;
		};
		F6144F96263E3BDF002F0A22 /* Release */ = {
			isa = XCBuildConfiguration;
			buildSettings = {
				ASSETCATALOG_COMPILER_APPICON_NAME = AppIcon;
				ASSETCATALOG_COMPILER_GLOBAL_ACCENT_COLOR_NAME = AccentColor;
				CODE_SIGN_STYLE = Automatic;
				DEVELOPMENT_TEAM = UC4C6H8RR8;
				INFOPLIST_FILE = TableViewHover/other/Info.plist;
				LD_RUNPATH_SEARCH_PATHS = (
					"$(inherited)",
					"@executable_path/Frameworks",
				);
				PRODUCT_BUNDLE_IDENTIFIER = pd.TableViewHover;
				PRODUCT_NAME = "$(TARGET_NAME)";
				TARGETED_DEVICE_FAMILY = "1,2";
			};
			name = Release;
		};
/* End XCBuildConfiguration section */

/* Begin XCConfigurationList section */
		F6144F76263E3BDE002F0A22 /* Build configuration list for PBXProject "TableViewHover" */ = {
			isa = XCConfigurationList;
			buildConfigurations = (
				F6144F92263E3BDF002F0A22 /* Debug */,
				F6144F93263E3BDF002F0A22 /* Release */,
			);
			defaultConfigurationIsVisible = 0;
			defaultConfigurationName = Release;
		};
		F6144F94263E3BDF002F0A22 /* Build configuration list for PBXNativeTarget "TableViewHover" */ = {
			isa = XCConfigurationList;
			buildConfigurations = (
				F6144F95263E3BDF002F0A22 /* Debug */,
				F6144F96263E3BDF002F0A22 /* Release */,
			);
			defaultConfigurationIsVisible = 0;
			defaultConfigurationName = Release;
		};
/* End XCConfigurationList section */
	};
	rootObject = F6144F73263E3BDE002F0A22 /* Project object */;
}
